
Microsoft Visual Studio Solution File, Format Version 12.00
# Visual Studio Version 16
VisualStudioVersion = 16.0.29519.87
MinimumVisualStudioVersion = 10.0.40219.1
Project("{FAE04EC0-301F-11D3-BF4B-00C04F79EFBC}") = "Timesheets", "Timesheets\Timesheets.csproj", "{E0A60393-D5DF-461C-9E70-734607D353DF}"
EndProject
Global
	GlobalSection(SolutionConfigurationPlatforms) = preSolution
		Debug|Any CPU = Debug|Any CPU
		Release|Any CPU = Release|Any CPU
	EndGlobalSection
	GlobalSection(ProjectConfigurationPlatforms) = postSolution
		{E0A60393-D5DF-461C-9E70-734607D353DF}.Debug|Any CPU.ActiveCfg = Debug|Any CPU
		{E0A60393-D5DF-461C-9E70-734607D353DF}.Debug|Any CPU.Build.0 = Debug|Any CPU
		{E0A60393-D5DF-461C-9E70-734607D353DF}.Release|Any CPU.ActiveCfg = Release|Any CPU
		{E0A60393-D5DF-461C-9E70-734607D353DF}.Release|Any CPU.Build.0 = Release|Any CPU
	EndGlobalSection
	GlobalSection(SolutionProperties) = preSolution
		HideSolutionNode = FALSE
	EndGlobalSection
	GlobalSection(ExtensibilityGlobals) = postSolution
		SolutionGuid = {1834BE69-55FC-476A-B713-30EB412E10DC}
	EndGlobalSection
EndGlobal
